
Microsoft Visual Studio Solution File, Format Version 12.00
# Visual Studio Version 17
VisualStudioVersion = 17.5.33516.290
MinimumVisualStudioVersion = 10.0.40219.1
Project("{FAE04EC0-301F-11D3-BF4B-00C04F79EFBC}") = "sofd-core-safety-net", "sofd-core-safety-net.csproj", "{34D55118-A00E-43D5-A52C-6D6BA1553D67}"
EndProject
Global
	GlobalSection(SolutionConfigurationPlatforms) = preSolution
		Debug|Any CPU = Debug|Any CPU
		Release|Any CPU = Release|Any CPU
	EndGlobalSection
	GlobalSection(ProjectConfigurationPlatforms) = postSolution
		{34D55118-A00E-43D5-A52C-6D6BA1553D67}.Debug|Any CPU.ActiveCfg = Debug|Any CPU
		{34D55118-A00E-43D5-A52C-6D6BA1553D67}.Debug|Any CPU.Build.0 = Debug|Any CPU
		{34D55118-A00E-43D5-A52C-6D6BA1553D67}.Release|Any CPU.ActiveCfg = Release|Any CPU
		{34D55118-A00E-43D5-A52C-6D6BA1553D67}.Release|Any CPU.Build.0 = Release|Any CPU
	EndGlobalSection
	GlobalSection(SolutionProperties) = preSolution
		HideSolutionNode = FALSE
	EndGlobalSection
	GlobalSection(ExtensibilityGlobals) = postSolution
		SolutionGuid = {EA4F1049-EA13-4942-B81C-59FB23F6B3B5}
	EndGlobalSection
EndGlobal
